
Microsoft Visual Studio Solution File, Format Version 12.00
# Visual Studio Version 16
VisualStudioVersion = 16.0.30104.148
MinimumVisualStudioVersion = 10.0.40219.1
Project("{FAE04EC0-301F-11D3-BF4B-00C04F79EFBC}") = "ShopWatch", "ShopWatch\ShopWatch.csproj", "{828061BE-A950-4866-AC57-88D6C943FA73}"
EndProject
Global
	GlobalSection(SolutionConfigurationPlatforms) = preSolution
		Debug|Any CPU = Debug|Any CPU
		Release|Any CPU = Release|Any CPU
	EndGlobalSection
	GlobalSection(ProjectConfigurationPlatforms) = postSolution
		{828061BE-A950-4866-AC57-88D6C943FA73}.Debug|Any CPU.ActiveCfg = Debug|Any CPU
		{828061BE-A950-4866-AC57-88D6C943FA73}.Debug|Any CPU.Build.0 = Debug|Any CPU
		{828061BE-A950-4866-AC57-88D6C943FA73}.Release|Any CPU.ActiveCfg = Release|Any CPU
		{828061BE-A950-4866-AC57-88D6C943FA73}.Release|Any CPU.Build.0 = Release|Any CPU
	EndGlobalSection
	GlobalSection(SolutionProperties) = preSolution
		HideSolutionNode = FALSE
	EndGlobalSection
	GlobalSection(ExtensibilityGlobals) = postSolution
		SolutionGuid = {BCD5C35F-06FA-4E8A-8CB4-E0CA134C9FCF}
	EndGlobalSection
EndGlobal
